
Microsoft Visual Studio Solution File, Format Version 12.00
# Visual Studio 14
VisualStudioVersion = 14.0.25420.1
MinimumVisualStudioVersion = 10.0.40219.1
Project("{FAE04EC0-301F-11D3-BF4B-00C04F79EFBC}") = "RoyalPlayingGame", "RoyalPlayingGame\RoyalPlayingGame.csproj", "{8369D834-0E0B-4A76-ABD3-7D3FD3F61F84}"
EndProject
Project("{FAE04EC0-301F-11D3-BF4B-00C04F79EFBC}") = "SimplePhysicalEngine", "SimplePhysicalEngine\SimplePhysicalEngine.csproj", "{32D81425-62FE-4954-8ED8-4DF8A4CA6853}"
EndProject
Project("{FAE04EC0-301F-11D3-BF4B-00C04F79EFBC}") = "VisualPart", "VisualPart\VisualPart.csproj", "{4E7DE960-DAC3-4DC5-A52F-D8EDDF0C76CA}"
EndProject
Global
	GlobalSection(SolutionConfigurationPlatforms) = preSolution
		Debug|Any CPU = Debug|Any CPU
		Release|Any CPU = Release|Any CPU
	EndGlobalSection
	GlobalSection(ProjectConfigurationPlatforms) = postSolution
		{8369D834-0E0B-4A76-ABD3-7D3FD3F61F84}.Debug|Any CPU.ActiveCfg = Debug|Any CPU
		{8369D834-0E0B-4A76-ABD3-7D3FD3F61F84}.Debug|Any CPU.Build.0 = Debug|Any CPU
		{8369D834-0E0B-4A76-ABD3-7D3FD3F61F84}.Release|Any CPU.ActiveCfg = Release|Any CPU
		{8369D834-0E0B-4A76-ABD3-7D3FD3F61F84}.Release|Any CPU.Build.0 = Release|Any CPU
		{32D81425-62FE-4954-8ED8-4DF8A4CA6853}.Debug|Any CPU.ActiveCfg = Debug|Any CPU
		{32D81425-62FE-4954-8ED8-4DF8A4CA6853}.Debug|Any CPU.Build.0 = Debug|Any CPU
		{32D81425-62FE-4954-8ED8-4DF8A4CA6853}.Release|Any CPU.ActiveCfg = Release|Any CPU
		{32D81425-62FE-4954-8ED8-4DF8A4CA6853}.Release|Any CPU.Build.0 = Release|Any CPU
		{4E7DE960-DAC3-4DC5-A52F-D8EDDF0C76CA}.Debug|Any CPU.ActiveCfg = Debug|Any CPU
		{4E7DE960-DAC3-4DC5-A52F-D8EDDF0C76CA}.Debug|Any CPU.Build.0 = Debug|Any CPU
		{4E7DE960-DAC3-4DC5-A52F-D8EDDF0C76CA}.Release|Any CPU.ActiveCfg = Release|Any CPU
		{4E7DE960-DAC3-4DC5-A52F-D8EDDF0C76CA}.Release|Any CPU.Build.0 = Release|Any CPU
	EndGlobalSection
	GlobalSection(SolutionProperties) = preSolution
		HideSolutionNode = FALSE
	EndGlobalSection
EndGlobal
